
Microsoft Visual Studio Solution File, Format Version 12.00
# Visual Studio Version 16
VisualStudioVersion = 16.0.29613.14
MinimumVisualStudioVersion = 10.0.40219.1
Project("{FAE04EC0-301F-11D3-BF4B-00C04F79EFBC}") = "CourseFiles", "CourseFiles\CourseFiles.csproj", "{C6601AD5-6FA4-4084-9917-B97F69151274}"
EndProject
Global
	GlobalSection(SolutionConfigurationPlatforms) = preSolution
		Debug|Any CPU = Debug|Any CPU
		Release|Any CPU = Release|Any CPU
	EndGlobalSection
	GlobalSection(ProjectConfigurationPlatforms) = postSolution
		{C6601AD5-6FA4-4084-9917-B97F69151274}.Debug|Any CPU.ActiveCfg = Debug|Any CPU
		{C6601AD5-6FA4-4084-9917-B97F69151274}.Debug|Any CPU.Build.0 = Debug|Any CPU
		{C6601AD5-6FA4-4084-9917-B97F69151274}.Release|Any CPU.ActiveCfg = Release|Any CPU
		{C6601AD5-6FA4-4084-9917-B97F69151274}.Release|Any CPU.Build.0 = Release|Any CPU
	EndGlobalSection
	GlobalSection(SolutionProperties) = preSolution
		HideSolutionNode = FALSE
	EndGlobalSection
	GlobalSection(ExtensibilityGlobals) = postSolution
		SolutionGuid = {CCD2FB63-7535-4DE1-8086-05638E0967A3}
	EndGlobalSection
EndGlobal
